// !$*UTF8*$!
{
	archiveVersion = 1;
	classes = {
	};
	objectVersion = 77;
	objects = {

/* Begin PBXContainerItemProxy section */
		529809762FC2F01F006329D4 /* PBXContainerItemProxy */ = {
			isa = PBXContainerItemProxy;
			containerPortal = 5298095D2FC2F01D006329D4 /* Project object */;
			proxyType = 1;
			remoteGlobalIDString = 529809642FC2F01D006329D4;
			remoteInfo = "iOS-APIManager";
		};
		529809802FC2F01F006329D4 /* PBXContainerItemProxy */ = {
			isa = PBXContainerItemProxy;
			containerPortal = 5298095D2FC2F01D006329D4 /* Project object */;
			proxyType = 1;
			remoteGlobalIDString = 529809642FC2F01D006329D4;
			remoteInfo = "iOS-APIManager";
		};
/* End PBXContainerItemProxy section */

/* Begin PBXFileReference section */
		529809652FC2F01D006329D4 /* iOS-APIManager.app */ = {isa = PBXFileReference; explicitFileType = wrapper.application; includeInIndex = 0; path = "iOS-APIManager.app"; sourceTree = BUILT_PRODUCTS_DIR; };
		529809752FC2F01F006329D4 /* iOS-APIManagerTests.xctest */ = {isa = PBXFileReference; explicitFileType = wrapper.cfbundle; includeInIndex = 0; path = "iOS-APIManagerTests.xctest"; sourceTree = BUILT_PRODUCTS_DIR; };
		5298097F2FC2F01F006329D4 /* iOS-APIManagerUITests.xctest */ = {isa = PBXFileReference; explicitFileType = wrapper.cfbundle; includeInIndex = 0; path = "iOS-APIManagerUITests.xctest"; sourceTree = BUILT_PRODUCTS_DIR; };
/* End PBXFileReference section */

/* Begin PBXFileSystemSynchronizedRootGroup section */
		529809672FC2F01D006329D4 /* iOS-APIManager */ = {
			isa = PBXFileSystemSynchronizedRootGroup;
			path = "iOS-APIManager";
			sourceTree = "<group>";
		};
		529809782FC2F01F006329D4 /* iOS-APIManagerTests */ = {
			isa = PBXFileSystemSynchronizedRootGroup;
			path = "iOS-APIManagerTests";
			sourceTree = "<group>";
		};
		529809822FC2F01F006329D4 /* iOS-APIManagerUITests */ = {
			isa = PBXFileSystemSynchronizedRootGroup;
			path = "iOS-APIManagerUITests";
			sourceTree = "<group>";
		};
/* End PBXFileSystemSynchronizedRootGroup section */

/* Begin PBXFrameworksBuildPhase section */
		529809622FC2F01D006329D4 /* Frameworks */ = {
			isa = PBXFrameworksBuildPhase;
			buildActionMask = 2147483647;
			files = (
			);
			runOnlyForDeploymentPostprocessing = 0;
		};
		529809722FC2F01F006329D4 /* Frameworks */ = {
			isa = PBXFrameworksBuildPhase;
			buildActionMask = 2147483647;
			files = (
			);
			runOnlyForDeploymentPostprocessing = 0;
		};
		5298097C2FC2F01F006329D4 /* Frameworks */ = {
			isa = PBXFrameworksBuildPhase;
			buildActionMask = 2147483647;
			files = (
			);
			runOnlyForDeploymentPostprocessing = 0;
		};
/* End PBXFrameworksBuildPhase section */

/* Begin PBXGroup section */
		5298095C2FC2F01D006329D4 = {
			isa = PBXGroup;
			children = (
				529809672FC2F01D006329D4 /* iOS-APIManager */,
				529809782FC2F01F006329D4 /* iOS-APIManagerTests */,
				529809822FC2F01F006329D4 /* iOS-APIManagerUITests */,
				529809662FC2F01D006329D4 /* Products */,
			);
			sourceTree = "<group>";
		};
		529809662FC2F01D006329D4 /* Products */ = {
			isa = PBXGroup;
			children = (
				529809652FC2F01D006329D4 /* iOS-APIManager.app */,
				529809752FC2F01F006329D4 /* iOS-APIManagerTests.xctest */,
				5298097F2FC2F01F006329D4 /* iOS-APIManagerUITests.xctest */,
			);
			name = Products;
			sourceTree = "<group>";
		};
/* End PBXGroup section */

/* Begin PBXNativeTarget section */
		529809642FC2F01D006329D4 /* iOS-APIManager */ = {
			isa = PBXNativeTarget;
			buildConfigurationList = 529809892FC2F01F006329D4 /* Build configuration list for PBXNativeTarget "iOS-APIManager" */;
			buildPhases = (
				529809612FC2F01D006329D4 /* Sources */,
				529809622FC2F01D006329D4 /* Frameworks */,
				529809632FC2F01D006329D4 /* Resources */,
			);
			buildRules = (
			);
			dependencies = (
			);
			fileSystemSynchronizedGroups = (
				529809672FC2F01D006329D4 /* iOS-APIManager */,
			);
			name = "iOS-APIManager";
			packageProductDependencies = (
			);
			productName = "iOS-APIManager";
			productReference = 529809652FC2F01D006329D4 /* iOS-APIManager.app */;
			productType = "com.apple.product-type.application";
		};
		529809742FC2F01F006329D4 /* iOS-APIManagerTests */ = {
			isa = PBXNativeTarget;
			buildConfigurationList = 5298098C2FC2F01F006329D4 /* Build configuration list for PBXNativeTarget "iOS-APIManagerTests" */;
			buildPhases = (
				529809712FC2F01F006329D4 /* Sources */,
				529809722FC2F01F006329D4 /* Frameworks */,
				529809732FC2F01F006329D4 /* Resources */,
			);
			buildRules = (
			);
			dependencies = (
				529809772FC2F01F006329D4 /* PBXTargetDependency */,
			);
			fileSystemSynchronizedGroups = (
				529809782FC2F01F006329D4 /* iOS-APIManagerTests */,
			);
			name = "iOS-APIManagerTests";
			packageProductDependencies = (
			);
			productName = "iOS-APIManagerTests";
			productReference = 529809752FC2F01F006329D4 /* iOS-APIManagerTests.xctest */;
			productType = "com.apple.product-type.bundle.unit-test";
		};
		5298097E2FC2F01F006329D4 /* iOS-APIManagerUITests */ = {
			isa = PBXNativeTarget;
			buildConfigurationList = 5298098F2FC2F01F006329D4 /* Build configuration list for PBXNativeTarget "iOS-APIManagerUITests" */;
			buildPhases = (
				5298097B2FC2F01F006329D4 /* Sources */,
				5298097C2FC2F01F006329D4 /* Frameworks */,
				5298097D2FC2F01F006329D4 /* Resources */,
			);
			buildRules = (
			);
			dependencies = (
				529809812FC2F01F006329D4 /* PBXTargetDependency */,
			);
			fileSystemSynchronizedGroups = (
				529809822FC2F01F006329D4 /* iOS-APIManagerUITests */,
			);
			name = "iOS-APIManagerUITests";
			packageProductDependencies = (
			);
			productName = "iOS-APIManagerUITests";
			productReference = 5298097F2FC2F01F006329D4 /* iOS-APIManagerUITests.xctest */;
			productType = "com.apple.product-type.bundle.ui-testing";
		};
/* End PBXNativeTarget section */

/* Begin PBXProject section */
		5298095D2FC2F01D006329D4 /* Project object */ = {
			isa = PBXProject;
			attributes = {
				BuildIndependentTargetsInParallel = 1;
				LastSwiftUpdateCheck = 1620;
				LastUpgradeCheck = 1620;
				TargetAttributes = {
					529809642FC2F01D006329D4 = {
						CreatedOnToolsVersion = 16.2;
					};
					529809742FC2F01F006329D4 = {
						CreatedOnToolsVersion = 16.2;
						TestTargetID = 529809642FC2F01D006329D4;
					};
					5298097E2FC2F01F006329D4 = {
						CreatedOnToolsVersion = 16.2;
						TestTargetID = 529809642FC2F01D006329D4;
					};
				};
			};
			buildConfigurationList = 529809602FC2F01D006329D4 /* Build configuration list for PBXProject "iOS-APIManager" */;
			developmentRegion = en;
			hasScannedForEncodings = 0;
			knownRegions = (
				en,
				Base,
			);
			mainGroup = 5298095C2FC2F01D006329D4;
			minimizedProjectReferenceProxies = 1;
			preferredProjectObjectVersion = 77;
			productRefGroup = 529809662FC2F01D006329D4 /* Products */;
			projectDirPath = "";
			projectRoot = "";
			targets = (
				529809642FC2F01D006329D4 /* iOS-APIManager */,
				529809742FC2F01F006329D4 /* iOS-APIManagerTests */,
				5298097E2FC2F01F006329D4 /* iOS-APIManagerUITests */,
			);
		};
/* End PBXProject section */

/* Begin PBXResourcesBuildPhase section */
		529809632FC2F01D006329D4 /* Resources */ = {
			isa = PBXResourcesBuildPhase;
			buildActionMask = 2147483647;
			files = (
			);
			runOnlyForDeploymentPostprocessing = 0;
		};
		529809732FC2F01F006329D4 /* Resources */ = {
			isa = PBXResourcesBuildPhase;
			buildActionMask = 2147483647;
			files = (
			);
			runOnlyForDeploymentPostprocessing = 0;
		};
		5298097D2FC2F01F006329D4 /* Resources */ = {
			isa = PBXResourcesBuildPhase;
			buildActionMask = 2147483647;
			files = (
			);
			runOnlyForDeploymentPostprocessing = 0;
		};
/* End PBXResourcesBuildPhase section */

/* Begin PBXSourcesBuildPhase section */
		529809612FC2F01D006329D4 /* Sources */ = {
			isa = PBXSourcesBuildPhase;
			buildActionMask = 2147483647;
			files = (
			);
			runOnlyForDeploymentPostprocessing = 0;
		};
		529809712FC2F01F006329D4 /* Sources */ = {
			isa = PBXSourcesBuildPhase;
			buildActionMask = 2147483647;
			files = (
			);
			runOnlyForDeploymentPostprocessing = 0;
		};
		5298097B2FC2F01F006329D4 /* Sources */ = {
			isa = PBXSourcesBuildPhase;
			buildActionMask = 2147483647;
			files = (
			);
			runOnlyForDeploymentPostprocessing = 0;
		};
/* End PBXSourcesBuildPhase section */

/* Begin PBXTargetDependency section */
		529809772FC2F01F006329D4 /* PBXTargetDependency */ = {
			isa = PBXTargetDependency;
			target = 529809642FC2F01D006329D4 /* iOS-APIManager */;
			targetProxy = 529809762FC2F01F006329D4 /* PBXContainerItemProxy */;
		};
		529809812FC2F01F006329D4 /* PBXTargetDependency */ = {
			isa = PBXTargetDependency;
			target = 529809642FC2F01D006329D4 /* iOS-APIManager */;
			targetProxy = 529809802FC2F01F006329D4 /* PBXContainerItemProxy */;
		};
/* End PBXTargetDependency section */

/* Begin XCBuildConfiguration section */
		529809872FC2F01F006329D4 /* Debug */ = {
			isa = XCBuildConfiguration;
			buildSettings = {
				ALWAYS_SEARCH_USER_PATHS = NO;
				ASSETCATALOG_COMPILER_GENERATE_SWIFT_ASSET_SYMBOL_EXTENSIONS = YES;
				CLANG_ANALYZER_NONNULL = YES;
				CLANG_ANALYZER_NUMBER_OBJECT_CONVERSION = YES_AGGRESSIVE;
				CLANG_CXX_LANGUAGE_STANDARD = "gnu++20";
				CLANG_ENABLE_MODULES = YES;
				CLANG_ENABLE_OBJC_ARC = YES;
				CLANG_ENABLE_OBJC_WEAK = YES;
				CLANG_WARN_BLOCK_CAPTURE_AUTORELEASING = YES;
				CLANG_WARN_BOOL_CONVERSION = YES;
				CLANG_WARN_COMMA = YES;
				CLANG_WARN_CONSTANT_CONVERSION = YES;
				CLANG_WARN_DEPRECATED_OBJC_IMPLEMENTATIONS = YES;
				CLANG_WARN_DIRECT_OBJC_ISA_USAGE = YES_ERROR;
				CLANG_WARN_DOCUMENTATION_COMMENTS = YES;
				CLANG_WARN_EMPTY_BODY = YES;
				CLANG_WARN_ENUM_CONVERSION = YES;
				CLANG_WARN_INFINITE_RECURSION = YES;
				CLANG_WARN_INT_CONVERSION = YES;
				CLANG_WARN_NON_LITERAL_NULL_CONVERSION = YES;
				CLANG_WARN_OBJC_IMPLICIT_RETAIN_SELF = YES;
				CLANG_WARN_OBJC_LITERAL_CONVERSION = YES;
				CLANG_WARN_OBJC_ROOT_CLASS = YES_ERROR;
				CLANG_WARN_QUOTED_INCLUDE_IN_FRAMEWORK_HEADER = YES;
				CLANG_WARN_RANGE_LOOP_ANALYSIS = YES;
				CLANG_WARN_STRICT_PROTOTYPES = YES;
				CLANG_WARN_SUSPICIOUS_MOVE = YES;
				CLANG_WARN_UNGUARDED_AVAILABILITY = YES_AGGRESSIVE;
				CLANG_WARN_UNREACHABLE_CODE = YES;
				CLANG_WARN__DUPLICATE_METHOD_MATCH = YES;
				COPY_PHASE_STRIP = NO;
				DEBUG_INFORMATION_FORMAT = dwarf;
				ENABLE_STRICT_OBJC_MSGSEND = YES;
				ENABLE_TESTABILITY = YES;
				ENABLE_USER_SCRIPT_SANDBOXING = YES;
				GCC_C_LANGUAGE_STANDARD = gnu17;
				GCC_DYNAMIC_NO_PIC = NO;
				GCC_NO_COMMON_BLOCKS = YES;
				GCC_OPTIMIZATION_LEVEL = 0;
				GCC_PREPROCESSOR_DEFINITIONS = (
					"DEBUG=1",
					"$(inherited)",
				);
				GCC_WARN_64_TO_32_BIT_CONVERSION = YES;
				GCC_WARN_ABOUT_RETURN_TYPE = YES_ERROR;
				GCC_WARN_UNDECLARED_SELECTOR = YES;
				GCC_WARN_UNINITIALIZED_AUTOS = YES_AGGRESSIVE;
				GCC_WARN_UNUSED_FUNCTION = YES;
				GCC_WARN_UNUSED_VARIABLE = YES;
				IPHONEOS_DEPLOYMENT_TARGET = 18.2;
				LOCALIZATION_PREFERS_STRING_CATALOGS = YES;
				MTL_ENABLE_DEBUG_INFO = INCLUDE_SOURCE;
				MTL_FAST_MATH = YES;
				ONLY_ACTIVE_ARCH = YES;
				SDKROOT = iphoneos;
				SWIFT_ACTIVE_COMPILATION_CONDITIONS = "DEBUG $(inherited)";
				SWIFT_OPTIMIZATION_LEVEL = "-Onone";
			};
			name = Debug;
		};
		529809882FC2F01F006329D4 /* Release */ = {
			isa = XCBuildConfiguration;
			buildSettings = {
				ALWAYS_SEARCH_USER_PATHS = NO;
				ASSETCATALOG_COMPILER_GENERATE_SWIFT_ASSET_SYMBOL_EXTENSIONS = YES;
				CLANG_ANALYZER_NONNULL = YES;
				CLANG_ANALYZER_NUMBER_OBJECT_CONVERSION = YES_AGGRESSIVE;
				CLANG_CXX_LANGUAGE_STANDARD = "gnu++20";
				CLANG_ENABLE_MODULES = YES;
				CLANG_ENABLE_OBJC_ARC = YES;
				CLANG_ENABLE_OBJC_WEAK = YES;
				CLANG_WARN_BLOCK_CAPTURE_AUTORELEASING = YES;
				CLANG_WARN_BOOL_CONVERSION = YES;
				CLANG_WARN_COMMA = YES;
				CLANG_WARN_CONSTANT_CONVERSION = YES;
				CLANG_WARN_DEPRECATED_OBJC_IMPLEMENTATIONS = YES;
				CLANG_WARN_DIRECT_OBJC_ISA_USAGE = YES_ERROR;
				CLANG_WARN_DOCUMENTATION_COMMENTS = YES;
				CLANG_WARN_EMPTY_BODY = YES;
				CLANG_WARN_ENUM_CONVERSION = YES;
				CLANG_WARN_INFINITE_RECURSION = YES;
				CLANG_WARN_INT_CONVERSION = YES;
				CLANG_WARN_NON_LITERAL_NULL_CONVERSION = YES;
				CLANG_WARN_OBJC_IMPLICIT_RETAIN_SELF = YES;
				CLANG_WARN_OBJC_LITERAL_CONVERSION = YES;
				CLANG_WARN_OBJC_ROOT_CLASS = YES_ERROR;
				CLANG_WARN_QUOTED_INCLUDE_IN_FRAMEWORK_HEADER = YES;
				CLANG_WARN_RANGE_LOOP_ANALYSIS = YES;
				CLANG_WARN_STRICT_PROTOTYPES = YES;
				CLANG_WARN_SUSPICIOUS_MOVE = YES;
				CLANG_WARN_UNGUARDED_AVAILABILITY = YES_AGGRESSIVE;
				CLANG_WARN_UNREACHABLE_CODE = YES;
				CLANG_WARN__DUPLICATE_METHOD_MATCH = YES;
				COPY_PHASE_STRIP = NO;
				DEBUG_INFORMATION_FORMAT = "dwarf-with-dsym";
				ENABLE_NS_ASSERTIONS = NO;
				ENABLE_STRICT_OBJC_MSGSEND = YES;
				ENABLE_USER_SCRIPT_SANDBOXING = YES;
				GCC_C_LANGUAGE_STANDARD = gnu17;
				GCC_NO_COMMON_BLOCKS = YES;
				GCC_WARN_64_TO_32_BIT_CONVERSION = YES;
				GCC_WARN_ABOUT_RETURN_TYPE = YES_ERROR;
				GCC_WARN_UNDECLARED_SELECTOR = YES;
				GCC_WARN_UNINITIALIZED_AUTOS = YES_AGGRESSIVE;
				GCC_WARN_UNUSED_FUNCTION = YES;
				GCC_WARN_UNUSED_VARIABLE = YES;
				IPHONEOS_DEPLOYMENT_TARGET = 18.2;
				LOCALIZATION_PREFERS_STRING_CATALOGS = YES;
				MTL_ENABLE_DEBUG_INFO = NO;
				MTL_FAST_MATH = YES;
				SDKROOT = iphoneos;
				SWIFT_COMPILATION_MODE = wholemodule;
				VALIDATE_PRODUCT = YES;
			};
			name = Release;
		};
		5298098A2FC2F01F006329D4 /* Debug */ = {
			isa = XCBuildConfiguration;
			buildSettings = {
				ASSETCATALOG_COMPILER_APPICON_NAME = AppIcon;
				ASSETCATALOG_COMPILER_GLOBAL_ACCENT_COLOR_NAME = AccentColor;
				CODE_SIGN_STYLE = Automatic;
				CURRENT_PROJECT_VERSION = 1;
				DEVELOPMENT_ASSET_PATHS = "\"iOS-APIManager/Preview Content\"";
				DEVELOPMENT_TEAM = 72ZJ4Y77WL;
				ENABLE_PREVIEWS = YES;
				GENERATE_INFOPLIST_FILE = YES;
				INFOPLIST_KEY_UIApplicationSceneManifest_Generation = YES;
				INFOPLIST_KEY_UIApplicationSupportsIndirectInputEvents = YES;
				INFOPLIST_KEY_UILaunchScreen_Generation = YES;
				INFOPLIST_KEY_UISupportedInterfaceOrientations_iPad = "UIInterfaceOrientationPortrait UIInterfaceOrientationPortraitUpsideDown UIInterfaceOrientationLandscapeLeft UIInterfaceOrientationLandscapeRight";
				INFOPLIST_KEY_UISupportedInterfaceOrientations_iPhone = "UIInterfaceOrientationPortrait UIInterfaceOrientationLandscapeLeft UIInterfaceOrientationLandscapeRight";
				LD_RUNPATH_SEARCH_PATHS = (
					"$(inherited)",
					"@executable_path/Frameworks",
				);
				MARKETING_VERSION = 1.0;
				PRODUCT_BUNDLE_IDENTIFIER = "com.rath.ios.iOS-APIManager";
				PRODUCT_NAME = "$(TARGET_NAME)";
				SWIFT_EMIT_LOC_STRINGS = YES;
				SWIFT_VERSION = 5.0;
				TARGETED_DEVICE_FAMILY = "1,2";
			};
			name = Debug;
		};
		5298098B2FC2F01F006329D4 /* Release */ = {
			isa = XCBuildConfiguration;
			buildSettings = {
				ASSETCATALOG_COMPILER_APPICON_NAME = AppIcon;
				ASSETCATALOG_COMPILER_GLOBAL_ACCENT_COLOR_NAME = AccentColor;
				CODE_SIGN_STYLE = Automatic;
				CURRENT_PROJECT_VERSION = 1;
				DEVELOPMENT_ASSET_PATHS = "\"iOS-APIManager/Preview Content\"";
				DEVELOPMENT_TEAM = 72ZJ4Y77WL;
				ENABLE_PREVIEWS = YES;
				GENERATE_INFOPLIST_FILE = YES;
				INFOPLIST_KEY_UIApplicationSceneManifest_Generation = YES;
				INFOPLIST_KEY_UIApplicationSupportsIndirectInputEvents = YES;
				INFOPLIST_KEY_UILaunchScreen_Generation = YES;
				INFOPLIST_KEY_UISupportedInterfaceOrientations_iPad = "UIInterfaceOrientationPortrait UIInterfaceOrientationPortraitUpsideDown UIInterfaceOrientationLandscapeLeft UIInterfaceOrientationLandscapeRight";
				INFOPLIST_KEY_UISupportedInterfaceOrientations_iPhone = "UIInterfaceOrientationPortrait UIInterfaceOrientationLandscapeLeft UIInterfaceOrientationLandscapeRight";
				LD_RUNPATH_SEARCH_PATHS = (
					"$(inherited)",
					"@executable_path/Frameworks",
				);
				MARKETING_VERSION = 1.0;
				PRODUCT_BUNDLE_IDENTIFIER = "com.rath.ios.iOS-APIManager";
				PRODUCT_NAME = "$(TARGET_NAME)";
				SWIFT_EMIT_LOC_STRINGS = YES;
				SWIFT_VERSION = 5.0;
				TARGETED_DEVICE_FAMILY = "1,2";
			};
			name = Release;
		};
		5298098D2FC2F01F006329D4 /* Debug */ = {
			isa = XCBuildConfiguration;
			buildSettings = {
				BUNDLE_LOADER = "$(TEST_HOST)";
				CODE_SIGN_STYLE = Automatic;
				CURRENT_PROJECT_VERSION = 1;
				DEVELOPMENT_TEAM = 72ZJ4Y77WL;
				GENERATE_INFOPLIST_FILE = YES;
				IPHONEOS_DEPLOYMENT_TARGET = 18.2;
				MARKETING_VERSION = 1.0;
				PRODUCT_BUNDLE_IDENTIFIER = "com.rath.ios.iOS-APIManagerTests";
				PRODUCT_NAME = "$(TARGET_NAME)";
				SWIFT_EMIT_LOC_STRINGS = NO;
				SWIFT_VERSION = 5.0;
				TARGETED_DEVICE_FAMILY = "1,2";
				TEST_HOST = "$(BUILT_PRODUCTS_DIR)/iOS-APIManager.app/$(BUNDLE_EXECUTABLE_FOLDER_PATH)/iOS-APIManager";
			};
			name = Debug;
		};
		5298098E2FC2F01F006329D4 /* Release */ = {
			isa = XCBuildConfiguration;
			buildSettings = {
				BUNDLE_LOADER = "$(TEST_HOST)";
				CODE_SIGN_STYLE = Automatic;
				CURRENT_PROJECT_VERSION = 1;
				DEVELOPMENT_TEAM = 72ZJ4Y77WL;
				GENERATE_INFOPLIST_FILE = YES;
				IPHONEOS_DEPLOYMENT_TARGET = 18.2;
				MARKETING_VERSION = 1.0;
				PRODUCT_BUNDLE_IDENTIFIER = "com.rath.ios.iOS-APIManagerTests";
				PRODUCT_NAME = "$(TARGET_NAME)";
				SWIFT_EMIT_LOC_STRINGS = NO;
				SWIFT_VERSION = 5.0;
				TARGETED_DEVICE_FAMILY = "1,2";
				TEST_HOST = "$(BUILT_PRODUCTS_DIR)/iOS-APIManager.app/$(BUNDLE_EXECUTABLE_FOLDER_PATH)/iOS-APIManager";
			};
			name = Release;
		};
		529809902FC2F01F006329D4 /* Debug */ = {
			isa = XCBuildConfiguration;
			buildSettings = {
				CODE_SIGN_STYLE = Automatic;
				CURRENT_PROJECT_VERSION = 1;
				DEVELOPMENT_TEAM = 72ZJ4Y77WL;
				GENERATE_INFOPLIST_FILE = YES;
				MARKETING_VERSION = 1.0;
				PRODUCT_BUNDLE_IDENTIFIER = "com.rath.ios.iOS-APIManagerUITests";
				PRODUCT_NAME = "$(TARGET_NAME)";
				SWIFT_EMIT_LOC_STRINGS = NO;
				SWIFT_VERSION = 5.0;
				TARGETED_DEVICE_FAMILY = "1,2";
				TEST_TARGET_NAME = "iOS-APIManager";
			};
			name = Debug;
		};
		529809912FC2F01F006329D4 /* Release */ = {
			isa = XCBuildConfiguration;
			buildSettings = {
				CODE_SIGN_STYLE = Automatic;
				CURRENT_PROJECT_VERSION = 1;
				DEVELOPMENT_TEAM = 72ZJ4Y77WL;
				GENERATE_INFOPLIST_FILE = YES;
				MARKETING_VERSION = 1.0;
				PRODUCT_BUNDLE_IDENTIFIER = "com.rath.ios.iOS-APIManagerUITests";
				PRODUCT_NAME = "$(TARGET_NAME)";
				SWIFT_EMIT_LOC_STRINGS = NO;
				SWIFT_VERSION = 5.0;
				TARGETED_DEVICE_FAMILY = "1,2";
				TEST_TARGET_NAME = "iOS-APIManager";
			};
			name = Release;
		};
/* End XCBuildConfiguration section */

/* Begin XCConfigurationList section */
		529809602FC2F01D006329D4 /* Build configuration list for PBXProject "iOS-APIManager" */ = {
			isa = XCConfigurationList;
			buildConfigurations = (
				529809872FC2F01F006329D4 /* Debug */,
				529809882FC2F01F006329D4 /* Release */,
			);
			defaultConfigurationIsVisible = 0;
			defaultConfigurationName = Release;
		};
		529809892FC2F01F006329D4 /* Build configuration list for PBXNativeTarget "iOS-APIManager" */ = {
			isa = XCConfigurationList;
			buildConfigurations = (
				5298098A2FC2F01F006329D4 /* Debug */,
				5298098B2FC2F01F006329D4 /* Release */,
			);
			defaultConfigurationIsVisible = 0;
			defaultConfigurationName = Release;
		};
		5298098C2FC2F01F006329D4 /* Build configuration list for PBXNativeTarget "iOS-APIManagerTests" */ = {
			isa = XCConfigurationList;
			buildConfigurations = (
				5298098D2FC2F01F006329D4 /* Debug */,
				5298098E2FC2F01F006329D4 /* Release */,
			);
			defaultConfigurationIsVisible = 0;
			defaultConfigurationName = Release;
		};
		5298098F2FC2F01F006329D4 /* Build configuration list for PBXNativeTarget "iOS-APIManagerUITests" */ = {
			isa = XCConfigurationList;
			buildConfigurations = (
				529809902FC2F01F006329D4 /* Debug */,
				529809912FC2F01F006329D4 /* Release */,
			);
			defaultConfigurationIsVisible = 0;
			defaultConfigurationName = Release;
		};
/* End XCConfigurationList section */
	};
	rootObject = 5298095D2FC2F01D006329D4 /* Project object */;
}
